
Microsoft Visual Studio Solution File, Format Version 12.00
# Visual Studio Version 17
VisualStudioVersion = 17.14.36429.23 d17.14
MinimumVisualStudioVersion = 10.0.40219.1
Project("{FAE04EC0-301F-11D3-BF4B-00C04F79EFBC}") = "Domain", "Domain\Domain.csproj", "{3B8ECF04-C38D-425F-9FAE-8B8805891634}"
EndProject
Project("{FAE04EC0-301F-11D3-BF4B-00C04F79EFBC}") = "Infrastructure", "Infrastructure\Infrastructure.csproj", "{CFF843AA-C963-40C8-BC1A-80D1C8B12FCB}"
EndProject
Project("{FAE04EC0-301F-11D3-BF4B-00C04F79EFBC}") = "Application", "Application\Application.csproj", "{92383D31-F1A6-4ED8-8E1A-F4FE8296114C}"
EndProject
Project("{FAE04EC0-301F-11D3-BF4B-00C04F79EFBC}") = "API", "API\API.csproj", "{EBDC461E-E3F1-4C28-B0C1-436D2A5CCB24}"
EndProject
Global
	GlobalSection(SolutionConfigurationPlatforms) = preSolution
		Debug|Any CPU = Debug|Any CPU
		Release|Any CPU = Release|Any CPU
	EndGlobalSection
	GlobalSection(ProjectConfigurationPlatforms) = postSolution
		{3B8ECF04-C38D-425F-9FAE-8B8805891634}.Debug|Any CPU.ActiveCfg = Debug|Any CPU
		{3B8ECF04-C38D-425F-9FAE-8B8805891634}.Debug|Any CPU.Build.0 = Debug|Any CPU
		{3B8ECF04-C38D-425F-9FAE-8B8805891634}.Release|Any CPU.ActiveCfg = Release|Any CPU
		{3B8ECF04-C38D-425F-9FAE-8B8805891634}.Release|Any CPU.Build.0 = Release|Any CPU
		{CFF843AA-C963-40C8-BC1A-80D1C8B12FCB}.Debug|Any CPU.ActiveCfg = Debug|Any CPU
		{CFF843AA-C963-40C8-BC1A-80D1C8B12FCB}.Debug|Any CPU.Build.0 = Debug|Any CPU
		{CFF843AA-C963-40C8-BC1A-80D1C8B12FCB}.Release|Any CPU.ActiveCfg = Release|Any CPU
		{CFF843AA-C963-40C8-BC1A-80D1C8B12FCB}.Release|Any CPU.Build.0 = Release|Any CPU
		{92383D31-F1A6-4ED8-8E1A-F4FE8296114C}.Debug|Any CPU.ActiveCfg = Debug|Any CPU
		{92383D31-F1A6-4ED8-8E1A-F4FE8296114C}.Debug|Any CPU.Build.0 = Debug|Any CPU
		{92383D31-F1A6-4ED8-8E1A-F4FE8296114C}.Release|Any CPU.ActiveCfg = Release|Any CPU
		{92383D31-F1A6-4ED8-8E1A-F4FE8296114C}.Release|Any CPU.Build.0 = Release|Any CPU
		{EBDC461E-E3F1-4C28-B0C1-436D2A5CCB24}.Debug|Any CPU.ActiveCfg = Debug|Any CPU
		{EBDC461E-E3F1-4C28-B0C1-436D2A5CCB24}.Debug|Any CPU.Build.0 = Debug|Any CPU
		{EBDC461E-E3F1-4C28-B0C1-436D2A5CCB24}.Release|Any CPU.ActiveCfg = Release|Any CPU
		{EBDC461E-E3F1-4C28-B0C1-436D2A5CCB24}.Release|Any CPU.Build.0 = Release|Any CPU
	EndGlobalSection
	GlobalSection(SolutionProperties) = preSolution
		HideSolutionNode = FALSE
	EndGlobalSection
	GlobalSection(ExtensibilityGlobals) = postSolution
		SolutionGuid = {9A27F34E-1D99-4F82-9F27-6B2A1F0FC409}
	EndGlobalSection
EndGlobal
